
Microsoft Visual Studio Solution File, Format Version 12.00
# Visual Studio Version 17
VisualStudioVersion = 17.8.34330.188
MinimumVisualStudioVersion = 10.0.40219.1
Project("{FAE04EC0-301F-11D3-BF4B-00C04F79EFBC}") = "AngularApp1.Server", "AngularApp1.Server\AngularApp1.Server.csproj", "{8EDF1B50-A7ED-40DF-8A58-F1B46F082AFD}"
EndProject
Project("{54A90642-561A-4BB1-A94E-469ADEE60C69}") = "angularapp1.client", "angularapp1.client\angularapp1.client.esproj", "{77434180-3F10-4775-816B-2A742816B6A4}"
EndProject
Global
	GlobalSection(SolutionConfigurationPlatforms) = preSolution
		Debug|Any CPU = Debug|Any CPU
		Release|Any CPU = Release|Any CPU
	EndGlobalSection
	GlobalSection(ProjectConfigurationPlatforms) = postSolution
		{8EDF1B50-A7ED-40DF-8A58-F1B46F082AFD}.Debug|Any CPU.ActiveCfg = Debug|Any CPU
		{8EDF1B50-A7ED-40DF-8A58-F1B46F082AFD}.Debug|Any CPU.Build.0 = Debug|Any CPU
		{8EDF1B50-A7ED-40DF-8A58-F1B46F082AFD}.Release|Any CPU.ActiveCfg = Release|Any CPU
		{8EDF1B50-A7ED-40DF-8A58-F1B46F082AFD}.Release|Any CPU.Build.0 = Release|Any CPU
		{77434180-3F10-4775-816B-2A742816B6A4}.Debug|Any CPU.ActiveCfg = Debug|Any CPU
		{77434180-3F10-4775-816B-2A742816B6A4}.Debug|Any CPU.Build.0 = Debug|Any CPU
		{77434180-3F10-4775-816B-2A742816B6A4}.Debug|Any CPU.Deploy.0 = Debug|Any CPU
		{77434180-3F10-4775-816B-2A742816B6A4}.Release|Any CPU.ActiveCfg = Release|Any CPU
		{77434180-3F10-4775-816B-2A742816B6A4}.Release|Any CPU.Build.0 = Release|Any CPU
		{77434180-3F10-4775-816B-2A742816B6A4}.Release|Any CPU.Deploy.0 = Release|Any CPU
	EndGlobalSection
	GlobalSection(SolutionProperties) = preSolution
		HideSolutionNode = FALSE
	EndGlobalSection
	GlobalSection(ExtensibilityGlobals) = postSolution
		SolutionGuid = {F3A809F8-17A6-4027-8DFE-A7E03C9B3AF8}
	EndGlobalSection
EndGlobal
